
Microsoft Visual Studio Solution File, Format Version 12.00
# Visual Studio 14
VisualStudioVersion = 14.0.25420.1
MinimumVisualStudioVersion = 10.0.40219.1
Project("{2150E333-8FDC-42A3-9474-1A3956D46DE8}") = "src", "src", "{1886F57E-E3EF-40D0-984B-B70718F3BD1A}"
EndProject
Project("{2150E333-8FDC-42A3-9474-1A3956D46DE8}") = "Solution Items", "Solution Items", "{4E9633D0-663C-460A-B6E0-F1CA577C859F}"
	ProjectSection(SolutionItems) = preProject
		global.json = global.json
	EndProjectSection
EndProject
Project("{2150E333-8FDC-42A3-9474-1A3956D46DE8}") = "Web", "Web", "{7B4CE91E-E0A1-43E9-A362-320C177544C7}"
EndProject
Project("{2150E333-8FDC-42A3-9474-1A3956D46DE8}") = "Data", "Data", "{F7BE94DF-D5CD-4E6B-BBB6-E025C2685F72}"
EndProject
Project("{8BB2217D-0F2D-49D1-97BC-3654ED321F3B}") = "Discountify.Data", "src\Discountify.Data\Discountify.Data.xproj", "{C2DE7636-A27F-4C1A-A63B-1E3D6AF62D56}"
EndProject
Project("{8BB2217D-0F2D-49D1-97BC-3654ED321F3B}") = "Discountify.Models", "src\Discountify.Models\Discountify.Models.xproj", "{D4FC242F-51CA-4BE5-8094-B4835AE98F44}"
EndProject
Project("{2150E333-8FDC-42A3-9474-1A3956D46DE8}") = "BusinessLogic", "BusinessLogic", "{D753C846-A3F1-49C0-B6E9-3F3E828AF630}"
EndProject
Project("{8BB2217D-0F2D-49D1-97BC-3654ED321F3B}") = "Discountify.Services", "src\Discountify.Services\Discountify.Services.xproj", "{FC542AE9-A352-46F1-9D3C-817AEE400F7F}"
EndProject
Project("{8BB2217D-0F2D-49D1-97BC-3654ED321F3B}") = "Discountify.Api", "src\Discountify.Api\Discountify.Api.xproj", "{781F46F0-94F0-472E-B834-3E02D97EF3CE}"
EndProject
Project("{2150E333-8FDC-42A3-9474-1A3956D46DE8}") = "Common", "Common", "{B726565E-25EA-4D03-A6AC-A9DB9A7624B4}"
EndProject
Project("{8BB2217D-0F2D-49D1-97BC-3654ED321F3B}") = "Discountify.Composition", "src\Discountify.Composition\Discountify.Composition.xproj", "{B4C77D92-1DBD-43D7-AC54-083ACDB78A2F}"
EndProject
Project("{8BB2217D-0F2D-49D1-97BC-3654ED321F3B}") = "Discountify.Spa", "src\Discountify.Spa\Discountify.Spa.xproj", "{E8BE10BF-2E49-4369-9992-3BD5DC088B4E}"
EndProject
Project("{FAE04EC0-301F-11D3-BF4B-00C04F79EFBC}") = "Discountify.Services.Tests", "src\Discountify.Services.Tests\Discountify.Services.Tests.csproj", "{7E09EE4B-0726-47D9-816B-8E42EDA8424E}"
EndProject
Project("{FAE04EC0-301F-11D3-BF4B-00C04F79EFBC}") = "Discountify.Api.Tests", "src\Discountify.Api.Tests\Discountify.Api.Tests.csproj", "{22723F88-9116-4644-93FE-45F683DF5E4F}"
EndProject
Project("{FAE04EC0-301F-11D3-BF4B-00C04F79EFBC}") = "Discountify.Data.Tests", "src\Discountify.Data.Tests\Discountify.Data.Tests.csproj", "{A3A6CFEA-4676-4AF1-84E7-AEF3549D9EC8}"
EndProject
Global
	GlobalSection(SolutionConfigurationPlatforms) = preSolution
		Debug|Any CPU = Debug|Any CPU
		Release|Any CPU = Release|Any CPU
	EndGlobalSection
	GlobalSection(ProjectConfigurationPlatforms) = postSolution
		{C2DE7636-A27F-4C1A-A63B-1E3D6AF62D56}.Debug|Any CPU.ActiveCfg = Debug|Any CPU
		{C2DE7636-A27F-4C1A-A63B-1E3D6AF62D56}.Debug|Any CPU.Build.0 = Debug|Any CPU
		{C2DE7636-A27F-4C1A-A63B-1E3D6AF62D56}.Release|Any CPU.ActiveCfg = Release|Any CPU
		{C2DE7636-A27F-4C1A-A63B-1E3D6AF62D56}.Release|Any CPU.Build.0 = Release|Any CPU
		{D4FC242F-51CA-4BE5-8094-B4835AE98F44}.Debug|Any CPU.ActiveCfg = Debug|Any CPU
		{D4FC242F-51CA-4BE5-8094-B4835AE98F44}.Debug|Any CPU.Build.0 = Debug|Any CPU
		{D4FC242F-51CA-4BE5-8094-B4835AE98F44}.Release|Any CPU.ActiveCfg = Release|Any CPU
		{D4FC242F-51CA-4BE5-8094-B4835AE98F44}.Release|Any CPU.Build.0 = Release|Any CPU
		{FC542AE9-A352-46F1-9D3C-817AEE400F7F}.Debug|Any CPU.ActiveCfg = Debug|Any CPU
		{FC542AE9-A352-46F1-9D3C-817AEE400F7F}.Debug|Any CPU.Build.0 = Debug|Any CPU
		{FC542AE9-A352-46F1-9D3C-817AEE400F7F}.Release|Any CPU.ActiveCfg = Release|Any CPU
		{FC542AE9-A352-46F1-9D3C-817AEE400F7F}.Release|Any CPU.Build.0 = Release|Any CPU
		{781F46F0-94F0-472E-B834-3E02D97EF3CE}.Debug|Any CPU.ActiveCfg = Debug|Any CPU
		{781F46F0-94F0-472E-B834-3E02D97EF3CE}.Debug|Any CPU.Build.0 = Debug|Any CPU
		{781F46F0-94F0-472E-B834-3E02D97EF3CE}.Release|Any CPU.ActiveCfg = Release|Any CPU
		{781F46F0-94F0-472E-B834-3E02D97EF3CE}.Release|Any CPU.Build.0 = Release|Any CPU
		{B4C77D92-1DBD-43D7-AC54-083ACDB78A2F}.Debug|Any CPU.ActiveCfg = Debug|Any CPU
		{B4C77D92-1DBD-43D7-AC54-083ACDB78A2F}.Debug|Any CPU.Build.0 = Debug|Any CPU
		{B4C77D92-1DBD-43D7-AC54-083ACDB78A2F}.Release|Any CPU.ActiveCfg = Release|Any CPU
		{B4C77D92-1DBD-43D7-AC54-083ACDB78A2F}.Release|Any CPU.Build.0 = Release|Any CPU
		{E8BE10BF-2E49-4369-9992-3BD5DC088B4E}.Debug|Any CPU.ActiveCfg = Debug|Any CPU
		{E8BE10BF-2E49-4369-9992-3BD5DC088B4E}.Debug|Any CPU.Build.0 = Debug|Any CPU
		{E8BE10BF-2E49-4369-9992-3BD5DC088B4E}.Release|Any CPU.ActiveCfg = Release|Any CPU
		{E8BE10BF-2E49-4369-9992-3BD5DC088B4E}.Release|Any CPU.Build.0 = Release|Any CPU
		{7E09EE4B-0726-47D9-816B-8E42EDA8424E}.Debug|Any CPU.ActiveCfg = Debug|Any CPU
		{7E09EE4B-0726-47D9-816B-8E42EDA8424E}.Debug|Any CPU.Build.0 = Debug|Any CPU
		{7E09EE4B-0726-47D9-816B-8E42EDA8424E}.Release|Any CPU.ActiveCfg = Release|Any CPU
		{7E09EE4B-0726-47D9-816B-8E42EDA8424E}.Release|Any CPU.Build.0 = Release|Any CPU
		{22723F88-9116-4644-93FE-45F683DF5E4F}.Debug|Any CPU.ActiveCfg = Debug|Any CPU
		{22723F88-9116-4644-93FE-45F683DF5E4F}.Debug|Any CPU.Build.0 = Debug|Any CPU
		{22723F88-9116-4644-93FE-45F683DF5E4F}.Release|Any CPU.ActiveCfg = Release|Any CPU
		{22723F88-9116-4644-93FE-45F683DF5E4F}.Release|Any CPU.Build.0 = Release|Any CPU
		{A3A6CFEA-4676-4AF1-84E7-AEF3549D9EC8}.Debug|Any CPU.ActiveCfg = Debug|Any CPU
		{A3A6CFEA-4676-4AF1-84E7-AEF3549D9EC8}.Debug|Any CPU.Build.0 = Debug|Any CPU
		{A3A6CFEA-4676-4AF1-84E7-AEF3549D9EC8}.Release|Any CPU.ActiveCfg = Release|Any CPU
		{A3A6CFEA-4676-4AF1-84E7-AEF3549D9EC8}.Release|Any CPU.Build.0 = Release|Any CPU
	EndGlobalSection
	GlobalSection(SolutionProperties) = preSolution
		HideSolutionNode = FALSE
	EndGlobalSection
	GlobalSection(NestedProjects) = preSolution
		{7B4CE91E-E0A1-43E9-A362-320C177544C7} = {1886F57E-E3EF-40D0-984B-B70718F3BD1A}
		{F7BE94DF-D5CD-4E6B-BBB6-E025C2685F72} = {1886F57E-E3EF-40D0-984B-B70718F3BD1A}
		{C2DE7636-A27F-4C1A-A63B-1E3D6AF62D56} = {F7BE94DF-D5CD-4E6B-BBB6-E025C2685F72}
		{D4FC242F-51CA-4BE5-8094-B4835AE98F44} = {F7BE94DF-D5CD-4E6B-BBB6-E025C2685F72}
		{D753C846-A3F1-49C0-B6E9-3F3E828AF630} = {1886F57E-E3EF-40D0-984B-B70718F3BD1A}
		{FC542AE9-A352-46F1-9D3C-817AEE400F7F} = {D753C846-A3F1-49C0-B6E9-3F3E828AF630}
		{781F46F0-94F0-472E-B834-3E02D97EF3CE} = {7B4CE91E-E0A1-43E9-A362-320C177544C7}
		{B726565E-25EA-4D03-A6AC-A9DB9A7624B4} = {1886F57E-E3EF-40D0-984B-B70718F3BD1A}
		{B4C77D92-1DBD-43D7-AC54-083ACDB78A2F} = {B726565E-25EA-4D03-A6AC-A9DB9A7624B4}
		{E8BE10BF-2E49-4369-9992-3BD5DC088B4E} = {7B4CE91E-E0A1-43E9-A362-320C177544C7}
		{7E09EE4B-0726-47D9-816B-8E42EDA8424E} = {D753C846-A3F1-49C0-B6E9-3F3E828AF630}
		{22723F88-9116-4644-93FE-45F683DF5E4F} = {7B4CE91E-E0A1-43E9-A362-320C177544C7}
		{A3A6CFEA-4676-4AF1-84E7-AEF3549D9EC8} = {F7BE94DF-D5CD-4E6B-BBB6-E025C2685F72}
	EndGlobalSection
EndGlobal
